
Microsoft Visual Studio Solution File, Format Version 12.00
# Visual Studio Version 17
VisualStudioVersion = 17.5.002.0
MinimumVisualStudioVersion = 10.0.40219.1
Project("{9A19103F-16F7-4668-BE54-9A1E7A4F7556}") = "BidCalculation.Api", "BidCalculation.Api\BidCalculation.Api.csproj", "{201CB01C-7928-43C2-A250-B03F4A2C3C5F}"
EndProject
Project("{FAE04EC0-301F-11D3-BF4B-00C04F79EFBC}") = "BidCalculation.Business", "BidCalculation.Business\BidCalculation.Business.csproj", "{20E4B027-2873-4FA8-BB5B-A5364AA425CE}"
EndProject
Project("{FAE04EC0-301F-11D3-BF4B-00C04F79EFBC}") = "BidCalculation.Persistence", "BidCalculation.Persistence\BidCalculation.Persistence.csproj", "{E61AA401-0A49-4B96-B397-ED6C50C5BA36}"
EndProject
Project("{FAE04EC0-301F-11D3-BF4B-00C04F79EFBC}") = "BidCalculation.Domain", "BidCalculation.Domain\BidCalculation.Domain.csproj", "{0A4C34EE-BAA7-4BAE-9D12-6BA72C9AF574}"
EndProject
Project("{FAE04EC0-301F-11D3-BF4B-00C04F79EFBC}") = "BidCalculation.Test", "BidCalculation.Test\BidCalculation.Test.csproj", "{1DE5B377-1E15-4220-BF99-A42B42FEBFBF}"
EndProject
Global
	GlobalSection(SolutionConfigurationPlatforms) = preSolution
		Debug|Any CPU = Debug|Any CPU
		Release|Any CPU = Release|Any CPU
	EndGlobalSection
	GlobalSection(ProjectConfigurationPlatforms) = postSolution
		{201CB01C-7928-43C2-A250-B03F4A2C3C5F}.Debug|Any CPU.ActiveCfg = Debug|Any CPU
		{201CB01C-7928-43C2-A250-B03F4A2C3C5F}.Debug|Any CPU.Build.0 = Debug|Any CPU
		{201CB01C-7928-43C2-A250-B03F4A2C3C5F}.Release|Any CPU.ActiveCfg = Release|Any CPU
		{201CB01C-7928-43C2-A250-B03F4A2C3C5F}.Release|Any CPU.Build.0 = Release|Any CPU
		{20E4B027-2873-4FA8-BB5B-A5364AA425CE}.Debug|Any CPU.ActiveCfg = Debug|Any CPU
		{20E4B027-2873-4FA8-BB5B-A5364AA425CE}.Debug|Any CPU.Build.0 = Debug|Any CPU
		{20E4B027-2873-4FA8-BB5B-A5364AA425CE}.Release|Any CPU.ActiveCfg = Release|Any CPU
		{20E4B027-2873-4FA8-BB5B-A5364AA425CE}.Release|Any CPU.Build.0 = Release|Any CPU
		{E61AA401-0A49-4B96-B397-ED6C50C5BA36}.Debug|Any CPU.ActiveCfg = Debug|Any CPU
		{E61AA401-0A49-4B96-B397-ED6C50C5BA36}.Debug|Any CPU.Build.0 = Debug|Any CPU
		{E61AA401-0A49-4B96-B397-ED6C50C5BA36}.Release|Any CPU.ActiveCfg = Release|Any CPU
		{E61AA401-0A49-4B96-B397-ED6C50C5BA36}.Release|Any CPU.Build.0 = Release|Any CPU
		{0A4C34EE-BAA7-4BAE-9D12-6BA72C9AF574}.Debug|Any CPU.ActiveCfg = Debug|Any CPU
		{0A4C34EE-BAA7-4BAE-9D12-6BA72C9AF574}.Debug|Any CPU.Build.0 = Debug|Any CPU
		{0A4C34EE-BAA7-4BAE-9D12-6BA72C9AF574}.Release|Any CPU.ActiveCfg = Release|Any CPU
		{0A4C34EE-BAA7-4BAE-9D12-6BA72C9AF574}.Release|Any CPU.Build.0 = Release|Any CPU
		{1DE5B377-1E15-4220-BF99-A42B42FEBFBF}.Debug|Any CPU.ActiveCfg = Debug|Any CPU
		{1DE5B377-1E15-4220-BF99-A42B42FEBFBF}.Debug|Any CPU.Build.0 = Debug|Any CPU
		{1DE5B377-1E15-4220-BF99-A42B42FEBFBF}.Release|Any CPU.ActiveCfg = Release|Any CPU
		{1DE5B377-1E15-4220-BF99-A42B42FEBFBF}.Release|Any CPU.Build.0 = Release|Any CPU
	EndGlobalSection
	GlobalSection(SolutionProperties) = preSolution
		HideSolutionNode = FALSE
	EndGlobalSection
	GlobalSection(ExtensibilityGlobals) = postSolution
		SolutionGuid = {6BC37F8E-2271-4F85-A782-541D219D9A22}
	EndGlobalSection
EndGlobal
